
Microsoft Visual Studio Solution File, Format Version 12.00
# Visual Studio Version 16
VisualStudioVersion = 16.0.29911.84
MinimumVisualStudioVersion = 10.0.40219.1
Project("{FAE04EC0-301F-11D3-BF4B-00C04F79EFBC}") = "Adecom", "Adecom.csproj", "{B67CE01A-E959-4692-9F81-787F63CA98CD}"
EndProject
Global
	GlobalSection(SolutionConfigurationPlatforms) = preSolution
		Debug|Any CPU = Debug|Any CPU
		Release|Any CPU = Release|Any CPU
	EndGlobalSection
	GlobalSection(ProjectConfigurationPlatforms) = postSolution
		{B67CE01A-E959-4692-9F81-787F63CA98CD}.Debug|Any CPU.ActiveCfg = Debug|Any CPU
		{B67CE01A-E959-4692-9F81-787F63CA98CD}.Debug|Any CPU.Build.0 = Debug|Any CPU
		{B67CE01A-E959-4692-9F81-787F63CA98CD}.Release|Any CPU.ActiveCfg = Release|Any CPU
		{B67CE01A-E959-4692-9F81-787F63CA98CD}.Release|Any CPU.Build.0 = Release|Any CPU
	EndGlobalSection
	GlobalSection(SolutionProperties) = preSolution
		HideSolutionNode = FALSE
	EndGlobalSection
	GlobalSection(ExtensibilityGlobals) = postSolution
		SolutionGuid = {D9C7F9A6-E147-4805-B62E-282B804DC387}
	EndGlobalSection
EndGlobal
